
Microsoft Visual Studio Solution File, Format Version 12.00
# Visual Studio Version 17
VisualStudioVersion = 17.9.34616.47
MinimumVisualStudioVersion = 10.0.40219.1
Project("{FAE04EC0-301F-11D3-BF4B-00C04F79EFBC}") = "alg_13b", "alg_13b\alg_13b.csproj", "{9F5D096C-671A-4E1C-AACC-1F24EEE130DB}"
EndProject
Global
	GlobalSection(SolutionConfigurationPlatforms) = preSolution
		Debug|Any CPU = Debug|Any CPU
		Release|Any CPU = Release|Any CPU
	EndGlobalSection
	GlobalSection(ProjectConfigurationPlatforms) = postSolution
		{9F5D096C-671A-4E1C-AACC-1F24EEE130DB}.Debug|Any CPU.ActiveCfg = Debug|Any CPU
		{9F5D096C-671A-4E1C-AACC-1F24EEE130DB}.Debug|Any CPU.Build.0 = Debug|Any CPU
		{9F5D096C-671A-4E1C-AACC-1F24EEE130DB}.Release|Any CPU.ActiveCfg = Release|Any CPU
		{9F5D096C-671A-4E1C-AACC-1F24EEE130DB}.Release|Any CPU.Build.0 = Release|Any CPU
	EndGlobalSection
	GlobalSection(SolutionProperties) = preSolution
		HideSolutionNode = FALSE
	EndGlobalSection
	GlobalSection(ExtensibilityGlobals) = postSolution
		SolutionGuid = {E842DFED-6F92-4B54-AD2E-0B02E3C39470}
	EndGlobalSection
EndGlobal
