
Microsoft Visual Studio Solution File, Format Version 12.00
# Visual Studio Version 17
VisualStudioVersion = 17.9.34616.47
MinimumVisualStudioVersion = 10.0.40219.1
Project("{FAE04EC0-301F-11D3-BF4B-00C04F79EFBC}") = "alg_14", "alg_14\alg_14.csproj", "{707266F8-105D-4EC4-8F58-582BDF663FD0}"
EndProject
Global
	GlobalSection(SolutionConfigurationPlatforms) = preSolution
		Debug|Any CPU = Debug|Any CPU
		Release|Any CPU = Release|Any CPU
	EndGlobalSection
	GlobalSection(ProjectConfigurationPlatforms) = postSolution
		{707266F8-105D-4EC4-8F58-582BDF663FD0}.Debug|Any CPU.ActiveCfg = Debug|Any CPU
		{707266F8-105D-4EC4-8F58-582BDF663FD0}.Debug|Any CPU.Build.0 = Debug|Any CPU
		{707266F8-105D-4EC4-8F58-582BDF663FD0}.Release|Any CPU.ActiveCfg = Release|Any CPU
		{707266F8-105D-4EC4-8F58-582BDF663FD0}.Release|Any CPU.Build.0 = Release|Any CPU
	EndGlobalSection
	GlobalSection(SolutionProperties) = preSolution
		HideSolutionNode = FALSE
	EndGlobalSection
	GlobalSection(ExtensibilityGlobals) = postSolution
		SolutionGuid = {BCD599CC-228C-4576-BE5C-498A14838D78}
	EndGlobalSection
EndGlobal
