
Microsoft Visual Studio Solution File, Format Version 12.00
# Visual Studio Version 17
VisualStudioVersion = 17.9.34616.47
MinimumVisualStudioVersion = 10.0.40219.1
Project("{FAE04EC0-301F-11D3-BF4B-00C04F79EFBC}") = "alg_lab6", "alg_lab6\alg_lab6.csproj", "{F90D148E-E833-4D63-959E-2DAFC1136D72}"
EndProject
Global
	GlobalSection(SolutionConfigurationPlatforms) = preSolution
		Debug|Any CPU = Debug|Any CPU
		Release|Any CPU = Release|Any CPU
	EndGlobalSection
	GlobalSection(ProjectConfigurationPlatforms) = postSolution
		{F90D148E-E833-4D63-959E-2DAFC1136D72}.Debug|Any CPU.ActiveCfg = Debug|Any CPU
		{F90D148E-E833-4D63-959E-2DAFC1136D72}.Debug|Any CPU.Build.0 = Debug|Any CPU
		{F90D148E-E833-4D63-959E-2DAFC1136D72}.Release|Any CPU.ActiveCfg = Release|Any CPU
		{F90D148E-E833-4D63-959E-2DAFC1136D72}.Release|Any CPU.Build.0 = Release|Any CPU
	EndGlobalSection
	GlobalSection(SolutionProperties) = preSolution
		HideSolutionNode = FALSE
	EndGlobalSection
	GlobalSection(ExtensibilityGlobals) = postSolution
		SolutionGuid = {E7FECF73-F8E8-44A6-AFE8-8057A9D9A164}
	EndGlobalSection
EndGlobal
